
Microsoft Visual Studio Solution File, Format Version 12.00
# Visual Studio Version 16
VisualStudioVersion = 16.0.31205.134
MinimumVisualStudioVersion = 10.0.40219.1
Project("{9A19103F-16F7-4668-BE54-9A1E7A4F7556}") = "App.Domain", "src\Paschoalotto.Domain\App.Domain.csproj", "{18519A1E-1828-47A9-9EAA-10F427DC2DFA}"
EndProject
Project("{9A19103F-16F7-4668-BE54-9A1E7A4F7556}") = "App.Core", "src\Paschoalotto.Core\App.Core.csproj", "{B81D23AD-F656-4DF6-B479-704DF7A02FDD}"
EndProject
Project("{9A19103F-16F7-4668-BE54-9A1E7A4F7556}") = "App.Data", "src\App.Data\App.Data.csproj", "{EA2962BF-0E8C-45C7-8B99-B720328937BE}"
EndProject
Project("{9A19103F-16F7-4668-BE54-9A1E7A4F7556}") = "App.Service", "src\App.Service\App.Service.csproj", "{A9E60BB3-9256-458C-B7A3-1DB1BDF92508}"
EndProject
Project("{FAE04EC0-301F-11D3-BF4B-00C04F79EFBC}") = "App.Api", "src\App.Api\App.Api.csproj", "{D322CBD3-C6A2-43CC-BDDD-02493EB3FABD}"
EndProject
Global
	GlobalSection(SolutionConfigurationPlatforms) = preSolution
		Debug|Any CPU = Debug|Any CPU
		Release|Any CPU = Release|Any CPU
	EndGlobalSection
	GlobalSection(ProjectConfigurationPlatforms) = postSolution
		{18519A1E-1828-47A9-9EAA-10F427DC2DFA}.Debug|Any CPU.ActiveCfg = Debug|Any CPU
		{18519A1E-1828-47A9-9EAA-10F427DC2DFA}.Debug|Any CPU.Build.0 = Debug|Any CPU
		{18519A1E-1828-47A9-9EAA-10F427DC2DFA}.Release|Any CPU.ActiveCfg = Release|Any CPU
		{18519A1E-1828-47A9-9EAA-10F427DC2DFA}.Release|Any CPU.Build.0 = Release|Any CPU
		{B81D23AD-F656-4DF6-B479-704DF7A02FDD}.Debug|Any CPU.ActiveCfg = Debug|Any CPU
		{B81D23AD-F656-4DF6-B479-704DF7A02FDD}.Debug|Any CPU.Build.0 = Debug|Any CPU
		{B81D23AD-F656-4DF6-B479-704DF7A02FDD}.Release|Any CPU.ActiveCfg = Release|Any CPU
		{B81D23AD-F656-4DF6-B479-704DF7A02FDD}.Release|Any CPU.Build.0 = Release|Any CPU
		{EA2962BF-0E8C-45C7-8B99-B720328937BE}.Debug|Any CPU.ActiveCfg = Debug|Any CPU
		{EA2962BF-0E8C-45C7-8B99-B720328937BE}.Debug|Any CPU.Build.0 = Debug|Any CPU
		{EA2962BF-0E8C-45C7-8B99-B720328937BE}.Release|Any CPU.ActiveCfg = Release|Any CPU
		{EA2962BF-0E8C-45C7-8B99-B720328937BE}.Release|Any CPU.Build.0 = Release|Any CPU
		{A9E60BB3-9256-458C-B7A3-1DB1BDF92508}.Debug|Any CPU.ActiveCfg = Debug|Any CPU
		{A9E60BB3-9256-458C-B7A3-1DB1BDF92508}.Debug|Any CPU.Build.0 = Debug|Any CPU
		{A9E60BB3-9256-458C-B7A3-1DB1BDF92508}.Release|Any CPU.ActiveCfg = Release|Any CPU
		{A9E60BB3-9256-458C-B7A3-1DB1BDF92508}.Release|Any CPU.Build.0 = Release|Any CPU
		{D322CBD3-C6A2-43CC-BDDD-02493EB3FABD}.Debug|Any CPU.ActiveCfg = Debug|Any CPU
		{D322CBD3-C6A2-43CC-BDDD-02493EB3FABD}.Debug|Any CPU.Build.0 = Debug|Any CPU
		{D322CBD3-C6A2-43CC-BDDD-02493EB3FABD}.Release|Any CPU.ActiveCfg = Release|Any CPU
		{D322CBD3-C6A2-43CC-BDDD-02493EB3FABD}.Release|Any CPU.Build.0 = Release|Any CPU
	EndGlobalSection
	GlobalSection(SolutionProperties) = preSolution
		HideSolutionNode = FALSE
	EndGlobalSection
	GlobalSection(ExtensibilityGlobals) = postSolution
		SolutionGuid = {1D04F53F-46A3-4AD6-BED9-6FC8821EFC3F}
	EndGlobalSection
EndGlobal
